
Microsoft Visual Studio Solution File, Format Version 12.00
# Visual Studio Version 16
VisualStudioVersion = 16.0.32602.291
MinimumVisualStudioVersion = 10.0.40219.1
Project("{FAE04EC0-301F-11D3-BF4B-00C04F79EFBC}") = "TestWebApplication", "TestWebApplication.csproj", "{EABA48E9-2F77-42AC-B67D-4F8113835601}"
EndProject
Global
	GlobalSection(SolutionConfigurationPlatforms) = preSolution
		Debug|Any CPU = Debug|Any CPU
		Release|Any CPU = Release|Any CPU
	EndGlobalSection
	GlobalSection(ProjectConfigurationPlatforms) = postSolution
		{EABA48E9-2F77-42AC-B67D-4F8113835601}.Debug|Any CPU.ActiveCfg = Debug|Any CPU
		{EABA48E9-2F77-42AC-B67D-4F8113835601}.Debug|Any CPU.Build.0 = Debug|Any CPU
		{EABA48E9-2F77-42AC-B67D-4F8113835601}.Release|Any CPU.ActiveCfg = Release|Any CPU
		{EABA48E9-2F77-42AC-B67D-4F8113835601}.Release|Any CPU.Build.0 = Release|Any CPU
	EndGlobalSection
	GlobalSection(SolutionProperties) = preSolution
		HideSolutionNode = FALSE
	EndGlobalSection
	GlobalSection(ExtensibilityGlobals) = postSolution
		SolutionGuid = {6FB1788D-1D61-4B11-BB0E-9E470B6374A5}
	EndGlobalSection
EndGlobal
